{
  "nodes": {
    "flake-utils": {
      "locked": {
        "lastModified": 1610051610,
        "narHash": "sha256-U9rPz/usA1/Aohhk7Cmc2gBrEEKRzcW4nwPWMPwja4Y=",
        "owner": "numtide",
        "repo": "flake-utils",
        "rev": "3982c9903e93927c2164caa727cd3f6a0e6d14cc",
        "type": "github"
      },
      "original": {
        "owner": "numtide",
        "repo": "flake-utils",
        "type": "github"
      }
    },
    "haskell-nix": {
      "inputs": {
        "nixpkgs": [
          "nixpkgs"
        ]
      },
      "locked": {
        "lastModified": 1609964425,
        "narHash": "sha256-fh1eAqqmdugQfaqyz6qcWT2Dp35Y8eqBiGzH4BWbFb0=",
        "owner": "hackworthltd",
        "repo": "haskell.nix",
        "rev": "ab869afba2ac7af0a1d05c57f739e4568d81bd0a",
        "type": "github"
      },
      "original": {
        "owner": "hackworthltd",
        "ref": "flake-fixes",
        "repo": "haskell.nix",
        "type": "github"
      }
    },
    "nixpkgs": {
      "locked": {
        "lastModified": 1611829825,
        "narHash": "sha256-CzoN7EVSzx/Iy3TMMkEALEYtPsbpLiyz3g1WmqQuSRI=",
        "owner": "NixOS",
        "repo": "nixpkgs",
        "rev": "b43756e22b3128f9415fdcd954a5b1e3b865680a",
        "type": "github"
      },
      "original": {
        "owner": "NixOS",
        "ref": "master",
        "repo": "nixpkgs",
        "type": "github"
      }
    },
    "root": {
      "inputs": {
        "flake-utils": "flake-utils",
        "haskell-nix": "haskell-nix",
        "nixpkgs": "nixpkgs"
      }
    }
  },
  "root": "root",
  "version": 7
}
